
Microsoft Visual Studio Solution File, Format Version 12.00
# Visual Studio Version 16
VisualStudioVersion = 16.0.31702.278
MinimumVisualStudioVersion = 10.0.40219.1
Project("{FAE04EC0-301F-11D3-BF4B-00C04F79EFBC}") = "algortmische oefening pathfinder", "algortmische oefening pathfinder\algortmische oefening pathfinder.csproj", "{FACB1EA9-B809-4554-B424-CEFA3F469010}"
EndProject
Global
	GlobalSection(SolutionConfigurationPlatforms) = preSolution
		Debug|Any CPU = Debug|Any CPU
		Release|Any CPU = Release|Any CPU
	EndGlobalSection
	GlobalSection(ProjectConfigurationPlatforms) = postSolution
		{FACB1EA9-B809-4554-B424-CEFA3F469010}.Debug|Any CPU.ActiveCfg = Debug|Any CPU
		{FACB1EA9-B809-4554-B424-CEFA3F469010}.Debug|Any CPU.Build.0 = Debug|Any CPU
		{FACB1EA9-B809-4554-B424-CEFA3F469010}.Release|Any CPU.ActiveCfg = Release|Any CPU
		{FACB1EA9-B809-4554-B424-CEFA3F469010}.Release|Any CPU.Build.0 = Release|Any CPU
	EndGlobalSection
	GlobalSection(SolutionProperties) = preSolution
		HideSolutionNode = FALSE
	EndGlobalSection
	GlobalSection(ExtensibilityGlobals) = postSolution
		SolutionGuid = {E859AA06-20FA-415C-A657-3C9C2EC0A7F5}
	EndGlobalSection
EndGlobal
