
Microsoft Visual Studio Solution File, Format Version 12.00
# Visual Studio Version 16
VisualStudioVersion = 16.0.31702.278
MinimumVisualStudioVersion = 10.0.40219.1
Project("{FAE04EC0-301F-11D3-BF4B-00C04F79EFBC}") = "Algoritmiek Sorting (QuickSort)", "Algoritmiek Sorting (QuickSort)\Algoritmiek Sorting (QuickSort).csproj", "{83E9637D-85BF-45EB-9569-CE2415BCF7F0}"
EndProject
Global
	GlobalSection(SolutionConfigurationPlatforms) = preSolution
		Debug|Any CPU = Debug|Any CPU
		Release|Any CPU = Release|Any CPU
	EndGlobalSection
	GlobalSection(ProjectConfigurationPlatforms) = postSolution
		{83E9637D-85BF-45EB-9569-CE2415BCF7F0}.Debug|Any CPU.ActiveCfg = Debug|Any CPU
		{83E9637D-85BF-45EB-9569-CE2415BCF7F0}.Debug|Any CPU.Build.0 = Debug|Any CPU
		{83E9637D-85BF-45EB-9569-CE2415BCF7F0}.Release|Any CPU.ActiveCfg = Release|Any CPU
		{83E9637D-85BF-45EB-9569-CE2415BCF7F0}.Release|Any CPU.Build.0 = Release|Any CPU
	EndGlobalSection
	GlobalSection(SolutionProperties) = preSolution
		HideSolutionNode = FALSE
	EndGlobalSection
	GlobalSection(ExtensibilityGlobals) = postSolution
		SolutionGuid = {B9973C28-7BEB-4C3D-B446-D536195FA05C}
	EndGlobalSection
EndGlobal
